
Microsoft Visual Studio Solution File, Format Version 12.00
# Visual Studio Version 17
VisualStudioVersion = 17.9.34902.65
MinimumVisualStudioVersion = 10.0.40219.1
Project("{FAE04EC0-301F-11D3-BF4B-00C04F79EFBC}") = "BackFacturas", "BackFacturas\BackFacturas.csproj", "{371AD98A-E0F8-461D-83B8-34B8F06A5F7F}"
EndProject
Global
	GlobalSection(SolutionConfigurationPlatforms) = preSolution
		Debug|Any CPU = Debug|Any CPU
		Release|Any CPU = Release|Any CPU
	EndGlobalSection
	GlobalSection(ProjectConfigurationPlatforms) = postSolution
		{371AD98A-E0F8-461D-83B8-34B8F06A5F7F}.Debug|Any CPU.ActiveCfg = Debug|Any CPU
		{371AD98A-E0F8-461D-83B8-34B8F06A5F7F}.Debug|Any CPU.Build.0 = Debug|Any CPU
		{371AD98A-E0F8-461D-83B8-34B8F06A5F7F}.Release|Any CPU.ActiveCfg = Release|Any CPU
		{371AD98A-E0F8-461D-83B8-34B8F06A5F7F}.Release|Any CPU.Build.0 = Release|Any CPU
	EndGlobalSection
	GlobalSection(SolutionProperties) = preSolution
		HideSolutionNode = FALSE
	EndGlobalSection
	GlobalSection(ExtensibilityGlobals) = postSolution
		SolutionGuid = {010E858F-212C-4517-B9FD-5C14DD261109}
	EndGlobalSection
EndGlobal
